
Microsoft Visual Studio Solution File, Format Version 12.00
# Visual Studio Version 16
VisualStudioVersion = 16.0.30011.22
MinimumVisualStudioVersion = 10.0.40219.1
Project("{FAE04EC0-301F-11D3-BF4B-00C04F79EFBC}") = "CA200511", "CA200511\CA200511.csproj", "{C0905C06-DB67-4F24-99E4-AA879BE85409}"
EndProject
Global
	GlobalSection(SolutionConfigurationPlatforms) = preSolution
		Debug|Any CPU = Debug|Any CPU
		Release|Any CPU = Release|Any CPU
	EndGlobalSection
	GlobalSection(ProjectConfigurationPlatforms) = postSolution
		{C0905C06-DB67-4F24-99E4-AA879BE85409}.Debug|Any CPU.ActiveCfg = Debug|Any CPU
		{C0905C06-DB67-4F24-99E4-AA879BE85409}.Debug|Any CPU.Build.0 = Debug|Any CPU
		{C0905C06-DB67-4F24-99E4-AA879BE85409}.Release|Any CPU.ActiveCfg = Release|Any CPU
		{C0905C06-DB67-4F24-99E4-AA879BE85409}.Release|Any CPU.Build.0 = Release|Any CPU
	EndGlobalSection
	GlobalSection(SolutionProperties) = preSolution
		HideSolutionNode = FALSE
	EndGlobalSection
	GlobalSection(ExtensibilityGlobals) = postSolution
		SolutionGuid = {FD6188AA-954F-4674-9C3A-5F0DBBC21677}
	EndGlobalSection
EndGlobal
